
Microsoft Visual Studio Solution File, Format Version 12.00
# Visual Studio Version 17
VisualStudioVersion = 17.13.35818.85 d17.13
MinimumVisualStudioVersion = 10.0.40219.1
Project("{FAE04EC0-301F-11D3-BF4B-00C04F79EFBC}") = "DirectFerriesTest", "DirectFerriesTest\DirectFerriesTest.csproj", "{EE6C70A3-009D-422A-B412-2AA62C23A973}"
EndProject
Project("{FAE04EC0-301F-11D3-BF4B-00C04F79EFBC}") = "DirectFerriesTest.Tests", "DirectFerriesTest.Tests\DirectFerriesTest.Tests.csproj", "{12100E1D-EB84-4D7F-9E0F-BF244239B928}"
EndProject
Global
	GlobalSection(SolutionConfigurationPlatforms) = preSolution
		Debug|Any CPU = Debug|Any CPU
		Release|Any CPU = Release|Any CPU
	EndGlobalSection
	GlobalSection(ProjectConfigurationPlatforms) = postSolution
		{EE6C70A3-009D-422A-B412-2AA62C23A973}.Debug|Any CPU.ActiveCfg = Debug|Any CPU
		{EE6C70A3-009D-422A-B412-2AA62C23A973}.Debug|Any CPU.Build.0 = Debug|Any CPU
		{EE6C70A3-009D-422A-B412-2AA62C23A973}.Release|Any CPU.ActiveCfg = Release|Any CPU
		{EE6C70A3-009D-422A-B412-2AA62C23A973}.Release|Any CPU.Build.0 = Release|Any CPU
		{12100E1D-EB84-4D7F-9E0F-BF244239B928}.Debug|Any CPU.ActiveCfg = Debug|Any CPU
		{12100E1D-EB84-4D7F-9E0F-BF244239B928}.Debug|Any CPU.Build.0 = Debug|Any CPU
		{12100E1D-EB84-4D7F-9E0F-BF244239B928}.Release|Any CPU.ActiveCfg = Release|Any CPU
		{12100E1D-EB84-4D7F-9E0F-BF244239B928}.Release|Any CPU.Build.0 = Release|Any CPU
	EndGlobalSection
	GlobalSection(SolutionProperties) = preSolution
		HideSolutionNode = FALSE
	EndGlobalSection
	GlobalSection(ExtensibilityGlobals) = postSolution
		SolutionGuid = {092AFB1E-F80B-4B03-904B-128D12B8DA76}
	EndGlobalSection
EndGlobal
